
Microsoft Visual Studio Solution File, Format Version 12.00
# Visual Studio Version 17
VisualStudioVersion = 17.7.34221.43
MinimumVisualStudioVersion = 10.0.40219.1
Project("{FAE04EC0-301F-11D3-BF4B-00C04F79EFBC}") = "SGClubRaquetaSergio", "SGClubRaquetaSergio\SGClubRaquetaSergio.csproj", "{987FC4E7-67D2-4CAF-8FCC-0A50235C42EE}"
EndProject
Global
	GlobalSection(SolutionConfigurationPlatforms) = preSolution
		Debug|Any CPU = Debug|Any CPU
		Release|Any CPU = Release|Any CPU
	EndGlobalSection
	GlobalSection(ProjectConfigurationPlatforms) = postSolution
		{987FC4E7-67D2-4CAF-8FCC-0A50235C42EE}.Debug|Any CPU.ActiveCfg = Debug|Any CPU
		{987FC4E7-67D2-4CAF-8FCC-0A50235C42EE}.Debug|Any CPU.Build.0 = Debug|Any CPU
		{987FC4E7-67D2-4CAF-8FCC-0A50235C42EE}.Release|Any CPU.ActiveCfg = Release|Any CPU
		{987FC4E7-67D2-4CAF-8FCC-0A50235C42EE}.Release|Any CPU.Build.0 = Release|Any CPU
	EndGlobalSection
	GlobalSection(SolutionProperties) = preSolution
		HideSolutionNode = FALSE
	EndGlobalSection
	GlobalSection(ExtensibilityGlobals) = postSolution
		SolutionGuid = {A9477E3A-E7A5-4A68-A15F-7744D1AF154A}
	EndGlobalSection
EndGlobal
